Microsoft Visual Studio Solution File, Format Version 12.00
# Visual Studio Version 17
VisualStudioVersion = 17.5.2.0
MinimumVisualStudioVersion = 10.0.40219.1
Project("{2150E333-8FDC-42A3-9474-1A3956D46DE8}") = "week_1", "week_1", "{CD973987-14F3-E6B6-8E8D-8BB5CBC55D24}"
EndProject
Project("{2150E333-8FDC-42A3-9474-1A3956D46DE8}") = "day_4", "day_4", "{BD2CD5B8-7D2E-9522-0179-378DA1C1E876}"
EndProject
Project("{2150E333-8FDC-42A3-9474-1A3956D46DE8}") = "ATM", "ATM", "{86CACA87-CF3C-9ADD-802E-640E956B3DA3}"
EndProject
Project("{FAE04EC0-301F-11D3-BF4B-00C04F79EFBC}") = "ATM", "week_1\day_4\ATM\machine\ATM.csproj", "{C967CED7-69A1-5B26-6FEF-C2C713715E75}"
EndProject
Global
	GlobalSection(SolutionConfigurationPlatforms) = preSolution
		Debug|Any CPU = Debug|Any CPU
		Release|Any CPU = Release|Any CPU
	EndGlobalSection
	GlobalSection(ProjectConfigurationPlatforms) = postSolution
		{C967CED7-69A1-5B26-6FEF-C2C713715E75}.Debug|Any CPU.ActiveCfg = Debug|Any CPU
		{C967CED7-69A1-5B26-6FEF-C2C713715E75}.Debug|Any CPU.Build.0 = Debug|Any CPU
		{C967CED7-69A1-5B26-6FEF-C2C713715E75}.Release|Any CPU.ActiveCfg = Release|Any CPU
		{C967CED7-69A1-5B26-6FEF-C2C713715E75}.Release|Any CPU.Build.0 = Release|Any CPU
	EndGlobalSection
	GlobalSection(SolutionProperties) = preSolution
		HideSolutionNode = FALSE
	EndGlobalSection
	GlobalSection(NestedProjects) = preSolution
		{BD2CD5B8-7D2E-9522-0179-378DA1C1E876} = {CD973987-14F3-E6B6-8E8D-8BB5CBC55D24}
		{86CACA87-CF3C-9ADD-802E-640E956B3DA3} = {BD2CD5B8-7D2E-9522-0179-378DA1C1E876}
		{C967CED7-69A1-5B26-6FEF-C2C713715E75} = {86CACA87-CF3C-9ADD-802E-640E956B3DA3}
	EndGlobalSection
	GlobalSection(ExtensibilityGlobals) = postSolution
		SolutionGuid = {ABC3E696-5709-45F5-8E93-4430B25CB57D}
	EndGlobalSection
EndGlobal
